
Microsoft Visual Studio Solution File, Format Version 12.00
# Visual Studio Version 17
VisualStudioVersion = 17.11.35431.28
MinimumVisualStudioVersion = 10.0.40219.1
Project("{FAE04EC0-301F-11D3-BF4B-00C04F79EFBC}") = "Zadanie2", "Zadanie2\Zadanie2.csproj", "{C0FDFF91-4E2A-4BA5-9547-CF4275144018}"
EndProject
Global
	GlobalSection(SolutionConfigurationPlatforms) = preSolution
		Debug|Any CPU = Debug|Any CPU
		Release|Any CPU = Release|Any CPU
	EndGlobalSection
	GlobalSection(ProjectConfigurationPlatforms) = postSolution
		{C0FDFF91-4E2A-4BA5-9547-CF4275144018}.Debug|Any CPU.ActiveCfg = Debug|Any CPU
		{C0FDFF91-4E2A-4BA5-9547-CF4275144018}.Debug|Any CPU.Build.0 = Debug|Any CPU
		{C0FDFF91-4E2A-4BA5-9547-CF4275144018}.Release|Any CPU.ActiveCfg = Release|Any CPU
		{C0FDFF91-4E2A-4BA5-9547-CF4275144018}.Release|Any CPU.Build.0 = Release|Any CPU
	EndGlobalSection
	GlobalSection(SolutionProperties) = preSolution
		HideSolutionNode = FALSE
	EndGlobalSection
	GlobalSection(ExtensibilityGlobals) = postSolution
		SolutionGuid = {E5455109-E5C6-42A8-AC11-2C005A80E36D}
	EndGlobalSection
EndGlobal
